// !$*UTF8*$!
{
	archiveVersion = 1;
	classes = {
	};
	objectVersion = 55;
	objects = {

/* Begin PBXBuildFile section */
		B3825CE8282BC0CF002496DE /* AppDelegate.swift in Sources */ = {isa = PBXBuildFile; fileRef = B3825CE7282BC0CF002496DE /* AppDelegate.swift */; };
		B3825CEA282BC0CF002496DE /* SceneDelegate.swift in Sources */ = {isa = PBXBuildFile; fileRef = B3825CE9282BC0CF002496DE /* SceneDelegate.swift */; };
		B3825CEF282BC0CF002496DE /* Main.storyboard in Resources */ = {isa = PBXBuildFile; fileRef = B3825CED282BC0CF002496DE /* Main.storyboard */; };
		B3825CF1282BC0D3002496DE /* Assets.xcassets in Resources */ = {isa = PBXBuildFile; fileRef = B3825CF0282BC0D3002496DE /* Assets.xcassets */; };
		B3825CF4282BC0D3002496DE /* LaunchScreen.storyboard in Resources */ = {isa = PBXBuildFile; fileRef = B3825CF2282BC0D3002496DE /* LaunchScreen.storyboard */; };
		B3825CFF282BC0D4002496DE /* InstagramTests.swift in Sources */ = {isa = PBXBuildFile; fileRef = B3825CFE282BC0D4002496DE /* InstagramTests.swift */; };
		B3825D09282BC0D4002496DE /* InstagramUITests.swift in Sources */ = {isa = PBXBuildFile; fileRef = B3825D08282BC0D4002496DE /* InstagramUITests.swift */; };
		B3825D0B282BC0D4002496DE /* InstagramUITestsLaunchTests.swift in Sources */ = {isa = PBXBuildFile; fileRef = B3825D0A282BC0D4002496DE /* InstagramUITestsLaunchTests.swift */; };
		B3825D1F282BC1D5002496DE /* HomeViewController.swift in Sources */ = {isa = PBXBuildFile; fileRef = B3825D1E282BC1D5002496DE /* HomeViewController.swift */; };
		B3825D23282BC252002496DE /* ExploreViewController.swift in Sources */ = {isa = PBXBuildFile; fileRef = B3825D22282BC252002496DE /* ExploreViewController.swift */; };
		B3825D26282BC2BB002496DE /* CameraViewController.swift in Sources */ = {isa = PBXBuildFile; fileRef = B3825D25282BC2BB002496DE /* CameraViewController.swift */; };
		B3825D29282BC2F5002496DE /* NotificationViewController.swift in Sources */ = {isa = PBXBuildFile; fileRef = B3825D28282BC2F5002496DE /* NotificationViewController.swift */; };
		B3825D2C282BC319002496DE /* ProfileViewController.swift in Sources */ = {isa = PBXBuildFile; fileRef = B3825D2B282BC319002496DE /* ProfileViewController.swift */; };
		B3825D2F282BC4F9002496DE /* LoginViewController.swift in Sources */ = {isa = PBXBuildFile; fileRef = B3825D2E282BC4F9002496DE /* LoginViewController.swift */; };
		B3825D33282BC525002496DE /* RegisterViewController.swift in Sources */ = {isa = PBXBuildFile; fileRef = B3825D32282BC525002496DE /* RegisterViewController.swift */; };
		B3825D36282BC58C002496DE /* PostViewController.swift in Sources */ = {isa = PBXBuildFile; fileRef = B3825D35282BC58C002496DE /* PostViewController.swift */; };
		B3825D39282BC5C9002496DE /* EditProfileViewController.swift in Sources */ = {isa = PBXBuildFile; fileRef = B3825D38282BC5C9002496DE /* EditProfileViewController.swift */; };
		B3825D3C282BC5FA002496DE /* SettingsViewController.swift in Sources */ = {isa = PBXBuildFile; fileRef = B3825D3B282BC5FA002496DE /* SettingsViewController.swift */; };
		B3825D3F282BC650002496DE /* ListViewController.swift in Sources */ = {isa = PBXBuildFile; fileRef = B3825D3E282BC650002496DE /* ListViewController.swift */; };
		B3825D42282BC683002496DE /* SearchViewController.swift in Sources */ = {isa = PBXBuildFile; fileRef = B3825D41282BC683002496DE /* SearchViewController.swift */; };
		B3825D45282BC6C9002496DE /* SearchRelatedViewController.swift in Sources */ = {isa = PBXBuildFile; fileRef = B3825D44282BC6C9002496DE /* SearchRelatedViewController.swift */; };
		B3825D48282BC728002496DE /* PostEditorViewController.swift in Sources */ = {isa = PBXBuildFile; fileRef = B3825D47282BC728002496DE /* PostEditorViewController.swift */; };
		B3825D4B282BC760002496DE /* PublishPostViewController.swift in Sources */ = {isa = PBXBuildFile; fileRef = B3825D4A282BC760002496DE /* PublishPostViewController.swift */; };
/* End PBXBuildFile section */

/* Begin PBXContainerItemProxy section */
		B3825CFB282BC0D4002496DE /* PBXContainerItemProxy */ = {
			isa = PBXContainerItemProxy;
			containerPortal = B3825CDC282BC0CF002496DE /* Project object */;
			proxyType = 1;
			remoteGlobalIDString = B3825CE3282BC0CF002496DE;
			remoteInfo = Instagram;
		};
		B3825D05282BC0D4002496DE /* PBXContainerItemProxy */ = {
			isa = PBXContainerItemProxy;
			containerPortal = B3825CDC282BC0CF002496DE /* Project object */;
			proxyType = 1;
			remoteGlobalIDString = B3825CE3282BC0CF002496DE;
			remoteInfo = Instagram;
		};
/* End PBXContainerItemProxy section */

/* Begin PBXFileReference section */
		B3825CE4282BC0CF002496DE /* Instagram.app */ = {isa = PBXFileReference; explicitFileType = wrapper.application; includeInIndex = 0; path = Instagram.app; sourceTree = BUILT_PRODUCTS_DIR; };
		B3825CE7282BC0CF002496DE /* AppDelegate.swift */ = {isa = PBXFileReference; lastKnownFileType = sourcecode.swift; path = AppDelegate.swift; sourceTree = "<group>"; };
		B3825CE9282BC0CF002496DE /* SceneDelegate.swift */ = {isa = PBXFileReference; lastKnownFileType = sourcecode.swift; path = SceneDelegate.swift; sourceTree = "<group>"; };
		B3825CEE282BC0CF002496DE /* Base */ = {isa = PBXFileReference; lastKnownFileType = file.storyboard; name = Base; path = Base.lproj/Main.storyboard; sourceTree = "<group>"; };
		B3825CF0282BC0D3002496DE /* Assets.xcassets */ = {isa = PBXFileReference; lastKnownFileType = folder.assetcatalog; path = Assets.xcassets; sourceTree = "<group>"; };
		B3825CF3282BC0D3002496DE /* Base */ = {isa = PBXFileReference; lastKnownFileType = file.storyboard; name = Base; path = Base.lproj/LaunchScreen.storyboard; sourceTree = "<group>"; };
		B3825CF5282BC0D3002496DE /* Info.plist */ = {isa = PBXFileReference; lastKnownFileType = text.plist.xml; path = Info.plist; sourceTree = "<group>"; };
		B3825CFA282BC0D4002496DE /* InstagramTests.xctest */ = {isa = PBXFileReference; explicitFileType = wrapper.cfbundle; includeInIndex = 0; path = InstagramTests.xctest; sourceTree = BUILT_PRODUCTS_DIR; };
		B3825CFE282BC0D4002496DE /* InstagramTests.swift */ = {isa = PBXFileReference; lastKnownFileType = sourcecode.swift; path = InstagramTests.swift; sourceTree = "<group>"; };
		B3825D04282BC0D4002496DE /* InstagramUITests.xctest */ = {isa = PBXFileReference; explicitFileType = wrapper.cfbundle; includeInIndex = 0; path = InstagramUITests.xctest; sourceTree = BUILT_PRODUCTS_DIR; };
		B3825D08282BC0D4002496DE /* InstagramUITests.swift */ = {isa = PBXFileReference; lastKnownFileType = sourcecode.swift; path = InstagramUITests.swift; sourceTree = "<group>"; };
		B3825D0A282BC0D4002496DE /* InstagramUITestsLaunchTests.swift */ = {isa = PBXFileReference; lastKnownFileType = sourcecode.swift; path = InstagramUITestsLaunchTests.swift; sourceTree = "<group>"; };
		B3825D1E282BC1D5002496DE /* HomeViewController.swift */ = {isa = PBXFileReference; lastKnownFileType = sourcecode.swift; path = HomeViewController.swift; sourceTree = "<group>"; };
		B3825D22282BC252002496DE /* ExploreViewController.swift */ = {isa = PBXFileReference; lastKnownFileType = sourcecode.swift; path = ExploreViewController.swift; sourceTree = "<group>"; };
		B3825D25282BC2BB002496DE /* CameraViewController.swift */ = {isa = PBXFileReference; lastKnownFileType = sourcecode.swift; path = CameraViewController.swift; sourceTree = "<group>"; };
		B3825D28282BC2F5002496DE /* NotificationViewController.swift */ = {isa = PBXFileReference; lastKnownFileType = sourcecode.swift; path = NotificationViewController.swift; sourceTree = "<group>"; };
		B3825D2B282BC319002496DE /* ProfileViewController.swift */ = {isa = PBXFileReference; lastKnownFileType = sourcecode.swift; path = ProfileViewController.swift; sourceTree = "<group>"; };
		B3825D2E282BC4F9002496DE /* LoginViewController.swift */ = {isa = PBXFileReference; lastKnownFileType = sourcecode.swift; path = LoginViewController.swift; sourceTree = "<group>"; };
		B3825D32282BC525002496DE /* RegisterViewController.swift */ = {isa = PBXFileReference; lastKnownFileType = sourcecode.swift; path = RegisterViewController.swift; sourceTree = "<group>"; };
		B3825D35282BC58C002496DE /* PostViewController.swift */ = {isa = PBXFileReference; lastKnownFileType = sourcecode.swift; path = PostViewController.swift; sourceTree = "<group>"; };
		B3825D38282BC5C9002496DE /* EditProfileViewController.swift */ = {isa = PBXFileReference; lastKnownFileType = sourcecode.swift; path = EditProfileViewController.swift; sourceTree = "<group>"; };
		B3825D3B282BC5FA002496DE /* SettingsViewController.swift */ = {isa = PBXFileReference; lastKnownFileType = sourcecode.swift; path = SettingsViewController.swift; sourceTree = "<group>"; };
		B3825D3E282BC650002496DE /* ListViewController.swift */ = {isa = PBXFileReference; lastKnownFileType = sourcecode.swift; path = ListViewController.swift; sourceTree = "<group>"; };
		B3825D41282BC683002496DE /* SearchViewController.swift */ = {isa = PBXFileReference; lastKnownFileType = sourcecode.swift; path = SearchViewController.swift; sourceTree = "<group>"; };
		B3825D44282BC6C9002496DE /* SearchRelatedViewController.swift */ = {isa = PBXFileReference; lastKnownFileType = sourcecode.swift; path = SearchRelatedViewController.swift; sourceTree = "<group>"; };
		B3825D47282BC728002496DE /* PostEditorViewController.swift */ = {isa = PBXFileReference; lastKnownFileType = sourcecode.swift; path = PostEditorViewController.swift; sourceTree = "<group>"; };
		B3825D4A282BC760002496DE /* PublishPostViewController.swift */ = {isa = PBXFileReference; lastKnownFileType = sourcecode.swift; path = PublishPostViewController.swift; sourceTree = "<group>"; };
/* End PBXFileReference section */

/* Begin PBXFrameworksBuildPhase section */
		B3825CE1282BC0CF002496DE /* Frameworks */ = {
			isa = PBXFrameworksBuildPhase;
			buildActionMask = 2147483647;
			files = (
			);
			runOnlyForDeploymentPostprocessing = 0;
		};
		B3825CF7282BC0D4002496DE /* Frameworks */ = {
			isa = PBXFrameworksBuildPhase;
			buildActionMask = 2147483647;
			files = (
			);
			runOnlyForDeploymentPostprocessing = 0;
		};
		B3825D01282BC0D4002496DE /* Frameworks */ = {
			isa = PBXFrameworksBuildPhase;
			buildActionMask = 2147483647;
			files = (
			);
			runOnlyForDeploymentPostprocessing = 0;
		};
/* End PBXFrameworksBuildPhase section */

/* Begin PBXGroup section */
		B3825CDB282BC0CF002496DE = {
			isa = PBXGroup;
			children = (
				B3825CE6282BC0CF002496DE /* Instagram */,
				B3825CFD282BC0D4002496DE /* InstagramTests */,
				B3825D07282BC0D4002496DE /* InstagramUITests */,
				B3825CE5282BC0CF002496DE /* Products */,
			);
			sourceTree = "<group>";
		};
		B3825CE5282BC0CF002496DE /* Products */ = {
			isa = PBXGroup;
			children = (
				B3825CE4282BC0CF002496DE /* Instagram.app */,
				B3825CFA282BC0D4002496DE /* InstagramTests.xctest */,
				B3825D04282BC0D4002496DE /* InstagramUITests.xctest */,
			);
			name = Products;
			sourceTree = "<group>";
		};
		B3825CE6282BC0CF002496DE /* Instagram */ = {
			isa = PBXGroup;
			children = (
				B3825D1C282BC12B002496DE /* Extensions */,
				B3825D1B282BC120002496DE /* Common */,
				B3825D1A282BC118002496DE /* Resources */,
				B3825D19282BC112002496DE /* Models */,
				B3825D18282BC10C002496DE /* Views */,
				B3825D1D282BC15E002496DE /* StoryBoard */,
				B3825D17282BC105002496DE /* Controllers */,
				B3825CE7282BC0CF002496DE /* AppDelegate.swift */,
				B3825CE9282BC0CF002496DE /* SceneDelegate.swift */,
				B3825CF0282BC0D3002496DE /* Assets.xcassets */,
				B3825CF5282BC0D3002496DE /* Info.plist */,
			);
			path = Instagram;
			sourceTree = "<group>";
		};
		B3825CFD282BC0D4002496DE /* InstagramTests */ = {
			isa = PBXGroup;
			children = (
				B3825CFE282BC0D4002496DE /* InstagramTests.swift */,
			);
			path = InstagramTests;
			sourceTree = "<group>";
		};
		B3825D07282BC0D4002496DE /* InstagramUITests */ = {
			isa = PBXGroup;
			children = (
				B3825D08282BC0D4002496DE /* InstagramUITests.swift */,
				B3825D0A282BC0D4002496DE /* InstagramUITestsLaunchTests.swift */,
			);
			path = InstagramUITests;
			sourceTree = "<group>";
		};
		B3825D17282BC105002496DE /* Controllers */ = {
			isa = PBXGroup;
			children = (
				B3825D49282BC743002496DE /* PublishPostVC */,
				B3825D46282BC705002496DE /* PostEditorVC */,
				B3825D43282BC6A8002496DE /* SeachRelatedVC */,
				B3825D40282BC666002496DE /* SearchVC */,
				B3825D3D282BC63F002496DE /* ListVC */,
				B3825D3A282BC5DF002496DE /* SettingsVC */,
				B3825D37282BC5AC002496DE /* EditProfileVC */,
				B3825D34282BC572002496DE /* PostVC */,
				B3825D2D282BC4E1002496DE /* OnBoarding */,
				B3825D2A282BC308002496DE /* ProfileVC */,
				B3825D27282BC2DA002496DE /* NotificationVC */,
				B3825D24282BC275002496DE /* CameraVC */,
				B3825D21282BC234002496DE /* ExploreVC */,
				B3825D20282BC228002496DE /* HomeVC */,
			);
			path = Controllers;
			sourceTree = "<group>";
		};
		B3825D18282BC10C002496DE /* Views */ = {
			isa = PBXGroup;
			children = (
			);
			path = Views;
			sourceTree = "<group>";
		};
		B3825D19282BC112002496DE /* Models */ = {
			isa = PBXGroup;
			children = (
			);
			path = Models;
			sourceTree = "<group>";
		};
		B3825D1A282BC118002496DE /* Resources */ = {
			isa = PBXGroup;
			children = (
			);
			path = Resources;
			sourceTree = "<group>";
		};
		B3825D1B282BC120002496DE /* Common */ = {
			isa = PBXGroup;
			children = (
			);
			path = Common;
			sourceTree = "<group>";
		};
		B3825D1C282BC12B002496DE /* Extensions */ = {
			isa = PBXGroup;
			children = (
			);
			path = Extensions;
			sourceTree = "<group>";
		};
		B3825D1D282BC15E002496DE /* StoryBoard */ = {
			isa = PBXGroup;
			children = (
				B3825CED282BC0CF002496DE /* Main.storyboard */,
				B3825CF2282BC0D3002496DE /* LaunchScreen.storyboard */,
			);
			path = StoryBoard;
			sourceTree = "<group>";
		};
		B3825D20282BC228002496DE /* HomeVC */ = {
			isa = PBXGroup;
			children = (
				B3825D1E282BC1D5002496DE /* HomeViewController.swift */,
			);
			path = HomeVC;
			sourceTree = "<group>";
		};
		B3825D21282BC234002496DE /* ExploreVC */ = {
			isa = PBXGroup;
			children = (
				B3825D22282BC252002496DE /* ExploreViewController.swift */,
			);
			path = ExploreVC;
			sourceTree = "<group>";
		};
		B3825D24282BC275002496DE /* CameraVC */ = {
			isa = PBXGroup;
			children = (
				B3825D25282BC2BB002496DE /* CameraViewController.swift */,
			);
			path = CameraVC;
			sourceTree = "<group>";
		};
		B3825D27282BC2DA002496DE /* NotificationVC */ = {
			isa = PBXGroup;
			children = (
				B3825D28282BC2F5002496DE /* NotificationViewController.swift */,
			);
			path = NotificationVC;
			sourceTree = "<group>";
		};
		B3825D2A282BC308002496DE /* ProfileVC */ = {
			isa = PBXGroup;
			children = (
				B3825D2B282BC319002496DE /* ProfileViewController.swift */,
			);
			path = ProfileVC;
			sourceTree = "<group>";
		};
		B3825D2D282BC4E1002496DE /* OnBoarding */ = {
			isa = PBXGroup;
			children = (
				B3825D31282BC511002496DE /* RegisterVC */,
				B3825D30282BC500002496DE /* LoginVC */,
			);
			path = OnBoarding;
			sourceTree = "<group>";
		};
		B3825D30282BC500002496DE /* LoginVC */ = {
			isa = PBXGroup;
			children = (
				B3825D2E282BC4F9002496DE /* LoginViewController.swift */,
			);
			path = LoginVC;
			sourceTree = "<group>";
		};
		B3825D31282BC511002496DE /* RegisterVC */ = {
			isa = PBXGroup;
			children = (
				B3825D32282BC525002496DE /* RegisterViewController.swift */,
			);
			path = RegisterVC;
			sourceTree = "<group>";
		};
		B3825D34282BC572002496DE /* PostVC */ = {
			isa = PBXGroup;
			children = (
				B3825D35282BC58C002496DE /* PostViewController.swift */,
			);
			path = PostVC;
			sourceTree = "<group>";
		};
		B3825D37282BC5AC002496DE /* EditProfileVC */ = {
			isa = PBXGroup;
			children = (
				B3825D38282BC5C9002496DE /* EditProfileViewController.swift */,
			);
			path = EditProfileVC;
			sourceTree = "<group>";
		};
		B3825D3A282BC5DF002496DE /* SettingsVC */ = {
			isa = PBXGroup;
			children = (
				B3825D3B282BC5FA002496DE /* SettingsViewController.swift */,
			);
			path = SettingsVC;
			sourceTree = "<group>";
		};
		B3825D3D282BC63F002496DE /* ListVC */ = {
			isa = PBXGroup;
			children = (
				B3825D3E282BC650002496DE /* ListViewController.swift */,
			);
			path = ListVC;
			sourceTree = "<group>";
		};
		B3825D40282BC666002496DE /* SearchVC */ = {
			isa = PBXGroup;
			children = (
				B3825D41282BC683002496DE /* SearchViewController.swift */,
			);
			path = SearchVC;
			sourceTree = "<group>";
		};
		B3825D43282BC6A8002496DE /* SeachRelatedVC */ = {
			isa = PBXGroup;
			children = (
				B3825D44282BC6C9002496DE /* SearchRelatedViewController.swift */,
			);
			path = SeachRelatedVC;
			sourceTree = "<group>";
		};
		B3825D46282BC705002496DE /* PostEditorVC */ = {
			isa = PBXGroup;
			children = (
				B3825D47282BC728002496DE /* PostEditorViewController.swift */,
			);
			path = PostEditorVC;
			sourceTree = "<group>";
		};
		B3825D49282BC743002496DE /* PublishPostVC */ = {
			isa = PBXGroup;
			children = (
				B3825D4A282BC760002496DE /* PublishPostViewController.swift */,
			);
			path = PublishPostVC;
			sourceTree = "<group>";
		};
/* End PBXGroup section */

/* Begin PBXNativeTarget section */
		B3825CE3282BC0CF002496DE /* Instagram */ = {
			isa = PBXNativeTarget;
			buildConfigurationList = B3825D0E282BC0D4002496DE /* Build configuration list for PBXNativeTarget "Instagram" */;
			buildPhases = (
				B3825CE0282BC0CF002496DE /* Sources */,
				B3825CE1282BC0CF002496DE /* Frameworks */,
				B3825CE2282BC0CF002496DE /* Resources */,
			);
			buildRules = (
			);
			dependencies = (
			);
			name = Instagram;
			productName = Instagram;
			productReference = B3825CE4282BC0CF002496DE /* Instagram.app */;
			productType = "com.apple.product-type.application";
		};
		B3825CF9282BC0D4002496DE /* InstagramTests */ = {
			isa = PBXNativeTarget;
			buildConfigurationList = B3825D11282BC0D4002496DE /* Build configuration list for PBXNativeTarget "InstagramTests" */;
			buildPhases = (
				B3825CF6282BC0D4002496DE /* Sources */,
				B3825CF7282BC0D4002496DE /* Frameworks */,
				B3825CF8282BC0D4002496DE /* Resources */,
			);
			buildRules = (
			);
			dependencies = (
				B3825CFC282BC0D4002496DE /* PBXTargetDependency */,
			);
			name = InstagramTests;
			productName = InstagramTests;
			productReference = B3825CFA282BC0D4002496DE /* InstagramTests.xctest */;
			productType = "com.apple.product-type.bundle.unit-test";
		};
		B3825D03282BC0D4002496DE /* InstagramUITests */ = {
			isa = PBXNativeTarget;
			buildConfigurationList = B3825D14282BC0D4002496DE /* Build configuration list for PBXNativeTarget "InstagramUITests" */;
			buildPhases = (
				B3825D00282BC0D4002496DE /* Sources */,
				B3825D01282BC0D4002496DE /* Frameworks */,
				B3825D02282BC0D4002496DE /* Resources */,
			);
			buildRules = (
			);
			dependencies = (
				B3825D06282BC0D4002496DE /* PBXTargetDependency */,
			);
			name = InstagramUITests;
			productName = InstagramUITests;
			productReference = B3825D04282BC0D4002496DE /* InstagramUITests.xctest */;
			productType = "com.apple.product-type.bundle.ui-testing";
		};
/* End PBXNativeTarget section */

/* Begin PBXProject section */
		B3825CDC282BC0CF002496DE /* Project object */ = {
			isa = PBXProject;
			attributes = {
				BuildIndependentTargetsInParallel = 1;
				LastSwiftUpdateCheck = 1320;
				LastUpgradeCheck = 1320;
				TargetAttributes = {
					B3825CE3282BC0CF002496DE = {
						CreatedOnToolsVersion = 13.2.1;
					};
					B3825CF9282BC0D4002496DE = {
						CreatedOnToolsVersion = 13.2.1;
						TestTargetID = B3825CE3282BC0CF002496DE;
					};
					B3825D03282BC0D4002496DE = {
						CreatedOnToolsVersion = 13.2.1;
						TestTargetID = B3825CE3282BC0CF002496DE;
					};
				};
			};
			buildConfigurationList = B3825CDF282BC0CF002496DE /* Build configuration list for PBXProject "Instagram" */;
			compatibilityVersion = "Xcode 13.0";
			developmentRegion = en;
			hasScannedForEncodings = 0;
			knownRegions = (
				en,
				Base,
			);
			mainGroup = B3825CDB282BC0CF002496DE;
			productRefGroup = B3825CE5282BC0CF002496DE /* Products */;
			projectDirPath = "";
			projectRoot = "";
			targets = (
				B3825CE3282BC0CF002496DE /* Instagram */,
				B3825CF9282BC0D4002496DE /* InstagramTests */,
				B3825D03282BC0D4002496DE /* InstagramUITests */,
			);
		};
/* End PBXProject section */

/* Begin PBXResourcesBuildPhase section */
		B3825CE2282BC0CF002496DE /* Resources */ = {
			isa = PBXResourcesBuildPhase;
			buildActionMask = 2147483647;
			files = (
				B3825CF4282BC0D3002496DE /* LaunchScreen.storyboard in Resources */,
				B3825CF1282BC0D3002496DE /* Assets.xcassets in Resources */,
				B3825CEF282BC0CF002496DE /* Main.storyboard in Resources */,
			);
			runOnlyForDeploymentPostprocessing = 0;
		};
		B3825CF8282BC0D4002496DE /* Resources */ = {
			isa = PBXResourcesBuildPhase;
			buildActionMask = 2147483647;
			files = (
			);
			runOnlyForDeploymentPostprocessing = 0;
		};
		B3825D02282BC0D4002496DE /* Resources */ = {
			isa = PBXResourcesBuildPhase;
			buildActionMask = 2147483647;
			files = (
			);
			runOnlyForDeploymentPostprocessing = 0;
		};
/* End PBXResourcesBuildPhase section */

/* Begin PBXSourcesBuildPhase section */
		B3825CE0282BC0CF002496DE /* Sources */ = {
			isa = PBXSourcesBuildPhase;
			buildActionMask = 2147483647;
			files = (
				B3825D39282BC5C9002496DE /* EditProfileViewController.swift in Sources */,
				B3825D23282BC252002496DE /* ExploreViewController.swift in Sources */,
				B3825D4B282BC760002496DE /* PublishPostViewController.swift in Sources */,
				B3825D26282BC2BB002496DE /* CameraViewController.swift in Sources */,
				B3825D29282BC2F5002496DE /* NotificationViewController.swift in Sources */,
				B3825CE8282BC0CF002496DE /* AppDelegate.swift in Sources */,
				B3825D48282BC728002496DE /* PostEditorViewController.swift in Sources */,
				B3825D36282BC58C002496DE /* PostViewController.swift in Sources */,
				B3825D2F282BC4F9002496DE /* LoginViewController.swift in Sources */,
				B3825D2C282BC319002496DE /* ProfileViewController.swift in Sources */,
				B3825D42282BC683002496DE /* SearchViewController.swift in Sources */,
				B3825D33282BC525002496DE /* RegisterViewController.swift in Sources */,
				B3825CEA282BC0CF002496DE /* SceneDelegate.swift in Sources */,
				B3825D45282BC6C9002496DE /* SearchRelatedViewController.swift in Sources */,
				B3825D1F282BC1D5002496DE /* HomeViewController.swift in Sources */,
				B3825D3F282BC650002496DE /* ListViewController.swift in Sources */,
				B3825D3C282BC5FA002496DE /* SettingsViewController.swift in Sources */,
			);
			runOnlyForDeploymentPostprocessing = 0;
		};
		B3825CF6282BC0D4002496DE /* Sources */ = {
			isa = PBXSourcesBuildPhase;
			buildActionMask = 2147483647;
			files = (
				B3825CFF282BC0D4002496DE /* InstagramTests.swift in Sources */,
			);
			runOnlyForDeploymentPostprocessing = 0;
		};
		B3825D00282BC0D4002496DE /* Sources */ = {
			isa = PBXSourcesBuildPhase;
			buildActionMask = 2147483647;
			files = (
				B3825D09282BC0D4002496DE /* InstagramUITests.swift in Sources */,
				B3825D0B282BC0D4002496DE /* InstagramUITestsLaunchTests.swift in Sources */,
			);
			runOnlyForDeploymentPostprocessing = 0;
		};
/* End PBXSourcesBuildPhase section */

/* Begin PBXTargetDependency section */
		B3825CFC282BC0D4002496DE /* PBXTargetDependency */ = {
			isa = PBXTargetDependency;
			target = B3825CE3282BC0CF002496DE /* Instagram */;
			targetProxy = B3825CFB282BC0D4002496DE /* PBXContainerItemProxy */;
		};
		B3825D06282BC0D4002496DE /* PBXTargetDependency */ = {
			isa = PBXTargetDependency;
			target = B3825CE3282BC0CF002496DE /* Instagram */;
			targetProxy = B3825D05282BC0D4002496DE /* PBXContainerItemProxy */;
		};
/* End PBXTargetDependency section */

/* Begin PBXVariantGroup section */
		B3825CED282BC0CF002496DE /* Main.storyboard */ = {
			isa = PBXVariantGroup;
			children = (
				B3825CEE282BC0CF002496DE /* Base */,
			);
			name = Main.storyboard;
			sourceTree = "<group>";
		};
		B3825CF2282BC0D3002496DE /* LaunchScreen.storyboard */ = {
			isa = PBXVariantGroup;
			children = (
				B3825CF3282BC0D3002496DE /* Base */,
			);
			name = LaunchScreen.storyboard;
			sourceTree = "<group>";
		};
/* End PBXVariantGroup section */

/* Begin XCBuildConfiguration section */
		B3825D0C282BC0D4002496DE /* Debug */ = {
			isa = XCBuildConfiguration;
			buildSettings = {
				ALWAYS_SEARCH_USER_PATHS = NO;
				CLANG_ANALYZER_NONNULL = YES;
				CLANG_ANALYZER_NUMBER_OBJECT_CONVERSION = YES_AGGRESSIVE;
				CLANG_CXX_LANGUAGE_STANDARD = "gnu++17";
				CLANG_CXX_LIBRARY = "libc++";
				CLANG_ENABLE_MODULES = YES;
				CLANG_ENABLE_OBJC_ARC = YES;
				CLANG_ENABLE_OBJC_WEAK = YES;
				CLANG_WARN_BLOCK_CAPTURE_AUTORELEASING = YES;
				CLANG_WARN_BOOL_CONVERSION = YES;
				CLANG_WARN_COMMA = YES;
				CLANG_WARN_CONSTANT_CONVERSION = YES;
				CLANG_WARN_DEPRECATED_OBJC_IMPLEMENTATIONS = YES;
				CLANG_WARN_DIRECT_OBJC_ISA_USAGE = YES_ERROR;
				CLANG_WARN_DOCUMENTATION_COMMENTS = YES;
				CLANG_WARN_EMPTY_BODY = YES;
				CLANG_WARN_ENUM_CONVERSION = YES;
				CLANG_WARN_INFINITE_RECURSION = YES;
				CLANG_WARN_INT_CONVERSION = YES;
				CLANG_WARN_NON_LITERAL_NULL_CONVERSION = YES;
				CLANG_WARN_OBJC_IMPLICIT_RETAIN_SELF = YES;
				CLANG_WARN_OBJC_LITERAL_CONVERSION = YES;
				CLANG_WARN_OBJC_ROOT_CLASS = YES_ERROR;
				CLANG_WARN_QUOTED_INCLUDE_IN_FRAMEWORK_HEADER = YES;
				CLANG_WARN_RANGE_LOOP_ANALYSIS = YES;
				CLANG_WARN_STRICT_PROTOTYPES = YES;
				CLANG_WARN_SUSPICIOUS_MOVE = YES;
				CLANG_WARN_UNGUARDED_AVAILABILITY = YES_AGGRESSIVE;
				CLANG_WARN_UNREACHABLE_CODE = YES;
				CLANG_WARN__DUPLICATE_METHOD_MATCH = YES;
				COPY_PHASE_STRIP = NO;
				DEBUG_INFORMATION_FORMAT = dwarf;
				ENABLE_STRICT_OBJC_MSGSEND = YES;
				ENABLE_TESTABILITY = YES;
				GCC_C_LANGUAGE_STANDARD = gnu11;
				GCC_DYNAMIC_NO_PIC = NO;
				GCC_NO_COMMON_BLOCKS = YES;
				GCC_OPTIMIZATION_LEVEL = 0;
				GCC_PREPROCESSOR_DEFINITIONS = (
					"DEBUG=1",
					"$(inherited)",
				);
				GCC_WARN_64_TO_32_BIT_CONVERSION = YES;
				GCC_WARN_ABOUT_RETURN_TYPE = YES_ERROR;
				GCC_WARN_UNDECLARED_SELECTOR = YES;
				GCC_WARN_UNINITIALIZED_AUTOS = YES_AGGRESSIVE;
				GCC_WARN_UNUSED_FUNCTION = YES;
				GCC_WARN_UNUSED_VARIABLE = YES;
				IPHONEOS_DEPLOYMENT_TARGET = 15.2;
				MTL_ENABLE_DEBUG_INFO = INCLUDE_SOURCE;
				MTL_FAST_MATH = YES;
				ONLY_ACTIVE_ARCH = YES;
				SDKROOT = iphoneos;
				SWIFT_ACTIVE_COMPILATION_CONDITIONS = DEBUG;
				SWIFT_OPTIMIZATION_LEVEL = "-Onone";
			};
			name = Debug;
		};
		B3825D0D282BC0D4002496DE /* Release */ = {
			isa = XCBuildConfiguration;
			buildSettings = {
				ALWAYS_SEARCH_USER_PATHS = NO;
				CLANG_ANALYZER_NONNULL = YES;
				CLANG_ANALYZER_NUMBER_OBJECT_CONVERSION = YES_AGGRESSIVE;
				CLANG_CXX_LANGUAGE_STANDARD = "gnu++17";
				CLANG_CXX_LIBRARY = "libc++";
				CLANG_ENABLE_MODULES = YES;
				CLANG_ENABLE_OBJC_ARC = YES;
				CLANG_ENABLE_OBJC_WEAK = YES;
				CLANG_WARN_BLOCK_CAPTURE_AUTORELEASING = YES;
				CLANG_WARN_BOOL_CONVERSION = YES;
				CLANG_WARN_COMMA = YES;
				CLANG_WARN_CONSTANT_CONVERSION = YES;
				CLANG_WARN_DEPRECATED_OBJC_IMPLEMENTATIONS = YES;
				CLANG_WARN_DIRECT_OBJC_ISA_USAGE = YES_ERROR;
				CLANG_WARN_DOCUMENTATION_COMMENTS = YES;
				CLANG_WARN_EMPTY_BODY = YES;
				CLANG_WARN_ENUM_CONVERSION = YES;
				CLANG_WARN_INFINITE_RECURSION = YES;
				CLANG_WARN_INT_CONVERSION = YES;
				CLANG_WARN_NON_LITERAL_NULL_CONVERSION = YES;
				CLANG_WARN_OBJC_IMPLICIT_RETAIN_SELF = YES;
				CLANG_WARN_OBJC_LITERAL_CONVERSION = YES;
				CLANG_WARN_OBJC_ROOT_CLASS = YES_ERROR;
				CLANG_WARN_QUOTED_INCLUDE_IN_FRAMEWORK_HEADER = YES;
				CLANG_WARN_RANGE_LOOP_ANALYSIS = YES;
				CLANG_WARN_STRICT_PROTOTYPES = YES;
				CLANG_WARN_SUSPICIOUS_MOVE = YES;
				CLANG_WARN_UNGUARDED_AVAILABILITY = YES_AGGRESSIVE;
				CLANG_WARN_UNREACHABLE_CODE = YES;
				CLANG_WARN__DUPLICATE_METHOD_MATCH = YES;
				COPY_PHASE_STRIP = NO;
				DEBUG_INFORMATION_FORMAT = "dwarf-with-dsym";
				ENABLE_NS_ASSERTIONS = NO;
				ENABLE_STRICT_OBJC_MSGSEND = YES;
				GCC_C_LANGUAGE_STANDARD = gnu11;
				GCC_NO_COMMON_BLOCKS = YES;
				GCC_WARN_64_TO_32_BIT_CONVERSION = YES;
				GCC_WARN_ABOUT_RETURN_TYPE = YES_ERROR;
				GCC_WARN_UNDECLARED_SELECTOR = YES;
				GCC_WARN_UNINITIALIZED_AUTOS = YES_AGGRESSIVE;
				GCC_WARN_UNUSED_FUNCTION = YES;
				GCC_WARN_UNUSED_VARIABLE = YES;
				IPHONEOS_DEPLOYMENT_TARGET = 15.2;
				MTL_ENABLE_DEBUG_INFO = NO;
				MTL_FAST_MATH = YES;
				SDKROOT = iphoneos;
				SWIFT_COMPILATION_MODE = wholemodule;
				SWIFT_OPTIMIZATION_LEVEL = "-O";
				VALIDATE_PRODUCT = YES;
			};
			name = Release;
		};
		B3825D0F282BC0D4002496DE /* Debug */ = {
			isa = XCBuildConfiguration;
			buildSettings = {
				ASSETCATALOG_COMPILER_APPICON_NAME = AppIcon;
				ASSETCATALOG_COMPILER_GLOBAL_ACCENT_COLOR_NAME = AccentColor;
				CODE_SIGN_STYLE = Automatic;
				CURRENT_PROJECT_VERSION = 1;
				GENERATE_INFOPLIST_FILE = YES;
				INFOPLIST_FILE = Instagram/Info.plist;
				INFOPLIST_KEY_UIApplicationSupportsIndirectInputEvents = YES;
				INFOPLIST_KEY_UILaunchStoryboardName = LaunchScreen;
				INFOPLIST_KEY_UIMainStoryboardFile = Main;
				INFOPLIST_KEY_UISupportedInterfaceOrientations_iPad = "UIInterfaceOrientationPortrait UIInterfaceOrientationPortraitUpsideDown UIInterfaceOrientationLandscapeLeft UIInterfaceOrientationLandscapeRight";
				INFOPLIST_KEY_UISupportedInterfaceOrientations_iPhone = "UIInterfaceOrientationPortrait UIInterfaceOrientationLandscapeLeft UIInterfaceOrientationLandscapeRight";
				LD_RUNPATH_SEARCH_PATHS = (
					"$(inherited)",
					"@executable_path/Frameworks",
				);
				MARKETING_VERSION = 1.0;
				PRODUCT_BUNDLE_IDENTIFIER = makemycoolApp.Instagram;
				PRODUCT_NAME = "$(TARGET_NAME)";
				SWIFT_EMIT_LOC_STRINGS = YES;
				SWIFT_VERSION = 5.0;
				TARGETED_DEVICE_FAMILY = "1,2";
			};
			name = Debug;
		};
		B3825D10282BC0D4002496DE /* Release */ = {
			isa = XCBuildConfiguration;
			buildSettings = {
				ASSETCATALOG_COMPILER_APPICON_NAME = AppIcon;
				ASSETCATALOG_COMPILER_GLOBAL_ACCENT_COLOR_NAME = AccentColor;
				CODE_SIGN_STYLE = Automatic;
				CURRENT_PROJECT_VERSION = 1;
				GENERATE_INFOPLIST_FILE = YES;
				INFOPLIST_FILE = Instagram/Info.plist;
				INFOPLIST_KEY_UIApplicationSupportsIndirectInputEvents = YES;
				INFOPLIST_KEY_UILaunchStoryboardName = LaunchScreen;
				INFOPLIST_KEY_UIMainStoryboardFile = Main;
				INFOPLIST_KEY_UISupportedInterfaceOrientations_iPad = "UIInterfaceOrientationPortrait UIInterfaceOrientationPortraitUpsideDown UIInterfaceOrientationLandscapeLeft UIInterfaceOrientationLandscapeRight";
				INFOPLIST_KEY_UISupportedInterfaceOrientations_iPhone = "UIInterfaceOrientationPortrait UIInterfaceOrientationLandscapeLeft UIInterfaceOrientationLandscapeRight";
				LD_RUNPATH_SEARCH_PATHS = (
					"$(inherited)",
					"@executable_path/Frameworks",
				);
				MARKETING_VERSION = 1.0;
				PRODUCT_BUNDLE_IDENTIFIER = makemycoolApp.Instagram;
				PRODUCT_NAME = "$(TARGET_NAME)";
				SWIFT_EMIT_LOC_STRINGS = YES;
				SWIFT_VERSION = 5.0;
				TARGETED_DEVICE_FAMILY = "1,2";
			};
			name = Release;
		};
		B3825D12282BC0D4002496DE /* Debug */ = {
			isa = XCBuildConfiguration;
			buildSettings = {
				ALWAYS_EMBED_SWIFT_STANDARD_LIBRARIES = YES;
				BUNDLE_LOADER = "$(TEST_HOST)";
				CODE_SIGN_STYLE = Automatic;
				CURRENT_PROJECT_VERSION = 1;
				GENERATE_INFOPLIST_FILE = YES;
				IPHONEOS_DEPLOYMENT_TARGET = 15.2;
				MARKETING_VERSION = 1.0;
				PRODUCT_BUNDLE_IDENTIFIER = makemycoolApp.InstagramTests;
				PRODUCT_NAME = "$(TARGET_NAME)";
				SWIFT_EMIT_LOC_STRINGS = NO;
				SWIFT_VERSION = 5.0;
				TARGETED_DEVICE_FAMILY = "1,2";
				TEST_HOST = "$(BUILT_PRODUCTS_DIR)/Instagram.app/Instagram";
			};
			name = Debug;
		};
		B3825D13282BC0D4002496DE /* Release */ = {
			isa = XCBuildConfiguration;
			buildSettings = {
				ALWAYS_EMBED_SWIFT_STANDARD_LIBRARIES = YES;
				BUNDLE_LOADER = "$(TEST_HOST)";
				CODE_SIGN_STYLE = Automatic;
				CURRENT_PROJECT_VERSION = 1;
				GENERATE_INFOPLIST_FILE = YES;
				IPHONEOS_DEPLOYMENT_TARGET = 15.2;
				MARKETING_VERSION = 1.0;
				PRODUCT_BUNDLE_IDENTIFIER = makemycoolApp.InstagramTests;
				PRODUCT_NAME = "$(TARGET_NAME)";
				SWIFT_EMIT_LOC_STRINGS = NO;
				SWIFT_VERSION = 5.0;
				TARGETED_DEVICE_FAMILY = "1,2";
				TEST_HOST = "$(BUILT_PRODUCTS_DIR)/Instagram.app/Instagram";
			};
			name = Release;
		};
		B3825D15282BC0D4002496DE /* Debug */ = {
			isa = XCBuildConfiguration;
			buildSettings = {
				ALWAYS_EMBED_SWIFT_STANDARD_LIBRARIES = YES;
				CODE_SIGN_STYLE = Automatic;
				CURRENT_PROJECT_VERSION = 1;
				GENERATE_INFOPLIST_FILE = YES;
				MARKETING_VERSION = 1.0;
				PRODUCT_BUNDLE_IDENTIFIER = makemycoolApp.InstagramUITests;
				PRODUCT_NAME = "$(TARGET_NAME)";
				SWIFT_EMIT_LOC_STRINGS = NO;
				SWIFT_VERSION = 5.0;
				TARGETED_DEVICE_FAMILY = "1,2";
				TEST_TARGET_NAME = Instagram;
			};
			name = Debug;
		};
		B3825D16282BC0D4002496DE /* Release */ = {
			isa = XCBuildConfiguration;
			buildSettings = {
				ALWAYS_EMBED_SWIFT_STANDARD_LIBRARIES = YES;
				CODE_SIGN_STYLE = Automatic;
				CURRENT_PROJECT_VERSION = 1;
				GENERATE_INFOPLIST_FILE = YES;
				MARKETING_VERSION = 1.0;
				PRODUCT_BUNDLE_IDENTIFIER = makemycoolApp.InstagramUITests;
				PRODUCT_NAME = "$(TARGET_NAME)";
				SWIFT_EMIT_LOC_STRINGS = NO;
				SWIFT_VERSION = 5.0;
				TARGETED_DEVICE_FAMILY = "1,2";
				TEST_TARGET_NAME = Instagram;
			};
			name = Release;
		};
/* End XCBuildConfiguration section */

/* Begin XCConfigurationList section */
		B3825CDF282BC0CF002496DE /* Build configuration list for PBXProject "Instagram" */ = {
			isa = XCConfigurationList;
			buildConfigurations = (
				B3825D0C282BC0D4002496DE /* Debug */,
				B3825D0D282BC0D4002496DE /* Release */,
			);
			defaultConfigurationIsVisible = 0;
			defaultConfigurationName = Release;
		};
		B3825D0E282BC0D4002496DE /* Build configuration list for PBXNativeTarget "Instagram" */ = {
			isa = XCConfigurationList;
			buildConfigurations = (
				B3825D0F282BC0D4002496DE /* Debug */,
				B3825D10282BC0D4002496DE /* Release */,
			);
			defaultConfigurationIsVisible = 0;
			defaultConfigurationName = Release;
		};
		B3825D11282BC0D4002496DE /* Build configuration list for PBXNativeTarget "InstagramTests" */ = {
			isa = XCConfigurationList;
			buildConfigurations = (
				B3825D12282BC0D4002496DE /* Debug */,
				B3825D13282BC0D4002496DE /* Release */,
			);
			defaultConfigurationIsVisible = 0;
			defaultConfigurationName = Release;
		};
		B3825D14282BC0D4002496DE /* Build configuration list for PBXNativeTarget "InstagramUITests" */ = {
			isa = XCConfigurationList;
			buildConfigurations = (
				B3825D15282BC0D4002496DE /* Debug */,
				B3825D16282BC0D4002496DE /* Release */,
			);
			defaultConfigurationIsVisible = 0;
			defaultConfigurationName = Release;
		};
/* End XCConfigurationList section */
	};
	rootObject = B3825CDC282BC0CF002496DE /* Project object */;
}
